
Microsoft Visual Studio Solution File, Format Version 12.00
# Visual Studio 14
VisualStudioVersion = 14.0.25420.1
MinimumVisualStudioVersion = 10.0.40219.1
Project("{2150E333-8FDC-42A3-9474-1A3956D46DE8}") = "Solution Items", "Solution Items", "{A76450AD-BBC4-4E9D-A17E-E5EEF271F9AF}"
	ProjectSection(SolutionItems) = preProject
		..\.gitignore = ..\.gitignore
		LocalTestRun.testrunconfig = LocalTestRun.testrunconfig
	EndProjectSection
EndProject
Project("{2150E333-8FDC-42A3-9474-1A3956D46DE8}") = "_SolverLib", "_SolverLib", "{FF249D25-BB02-4DC4-BBD8-E2F43D465E4F}"
EndProject
Project("{2150E333-8FDC-42A3-9474-1A3956D46DE8}") = "_SudukoModules", "_SudukoModules", "{47B6F950-12FC-4B8D-B8ED-48A19A6A6710}"
EndProject
Project("{FAE04EC0-301F-11D3-BF4B-00C04F79EFBC}") = "SolverLib", "SolverLib\SolverLib.csproj", "{7139B471-B99F-4880-AA61-9EDA7D5FA0C4}"
EndProject
Project("{FAE04EC0-301F-11D3-BF4B-00C04F79EFBC}") = "TestSolverLib", "TestSolverLib\TestSolverLib.csproj", "{07127338-930A-412B-AB1C-24704A759ABC}"
EndProject
Project("{FAE04EC0-301F-11D3-BF4B-00C04F79EFBC}") = "SudukoModule", "SolverModules\SudukoModule.csproj", "{AF9564B7-87E5-43F7-9DEA-C8287E0BE21F}"
	ProjectSection(ProjectDependencies) = postProject
		{7139B471-B99F-4880-AA61-9EDA7D5FA0C4} = {7139B471-B99F-4880-AA61-9EDA7D5FA0C4}
	EndProjectSection
EndProject
Project("{FAE04EC0-301F-11D3-BF4B-00C04F79EFBC}") = "ModuleTests", "ModuleTests\ModuleTests.csproj", "{151C51AC-C70C-4ECD-BB91-8939E3A5D4E3}"
	ProjectSection(ProjectDependencies) = postProject
		{7139B471-B99F-4880-AA61-9EDA7D5FA0C4} = {7139B471-B99F-4880-AA61-9EDA7D5FA0C4}
	EndProjectSection
EndProject
Project("{FAE04EC0-301F-11D3-BF4B-00C04F79EFBC}") = "SudokuApp", "SudukoApp\SudokuApp.csproj", "{99B6023F-CC02-49B2-8E99-E2BEAB6C8ED1}"
	ProjectSection(ProjectDependencies) = postProject
		{7139B471-B99F-4880-AA61-9EDA7D5FA0C4} = {7139B471-B99F-4880-AA61-9EDA7D5FA0C4}
		{AF9564B7-87E5-43F7-9DEA-C8287E0BE21F} = {AF9564B7-87E5-43F7-9DEA-C8287E0BE21F}
	EndProjectSection
EndProject
Global
	GlobalSection(SolutionConfigurationPlatforms) = preSolution
		Debug|Any CPU = Debug|Any CPU
		Release|Any CPU = Release|Any CPU
	EndGlobalSection
	GlobalSection(ProjectConfigurationPlatforms) = postSolution
		{7139B471-B99F-4880-AA61-9EDA7D5FA0C4}.Debug|Any CPU.ActiveCfg = Debug|Any CPU
		{7139B471-B99F-4880-AA61-9EDA7D5FA0C4}.Debug|Any CPU.Build.0 = Debug|Any CPU
		{7139B471-B99F-4880-AA61-9EDA7D5FA0C4}.Release|Any CPU.ActiveCfg = Release|Any CPU
		{7139B471-B99F-4880-AA61-9EDA7D5FA0C4}.Release|Any CPU.Build.0 = Release|Any CPU
		{07127338-930A-412B-AB1C-24704A759ABC}.Debug|Any CPU.ActiveCfg = Debug|Any CPU
		{07127338-930A-412B-AB1C-24704A759ABC}.Debug|Any CPU.Build.0 = Debug|Any CPU
		{07127338-930A-412B-AB1C-24704A759ABC}.Release|Any CPU.ActiveCfg = Release|Any CPU
		{07127338-930A-412B-AB1C-24704A759ABC}.Release|Any CPU.Build.0 = Release|Any CPU
		{AF9564B7-87E5-43F7-9DEA-C8287E0BE21F}.Debug|Any CPU.ActiveCfg = Debug|Any CPU
		{AF9564B7-87E5-43F7-9DEA-C8287E0BE21F}.Debug|Any CPU.Build.0 = Debug|Any CPU
		{AF9564B7-87E5-43F7-9DEA-C8287E0BE21F}.Release|Any CPU.ActiveCfg = Release|Any CPU
		{AF9564B7-87E5-43F7-9DEA-C8287E0BE21F}.Release|Any CPU.Build.0 = Release|Any CPU
		{151C51AC-C70C-4ECD-BB91-8939E3A5D4E3}.Debug|Any CPU.ActiveCfg = Debug|Any CPU
		{151C51AC-C70C-4ECD-BB91-8939E3A5D4E3}.Debug|Any CPU.Build.0 = Debug|Any CPU
		{151C51AC-C70C-4ECD-BB91-8939E3A5D4E3}.Release|Any CPU.ActiveCfg = Release|Any CPU
		{151C51AC-C70C-4ECD-BB91-8939E3A5D4E3}.Release|Any CPU.Build.0 = Release|Any CPU
		{99B6023F-CC02-49B2-8E99-E2BEAB6C8ED1}.Debug|Any CPU.ActiveCfg = Debug|Any CPU
		{99B6023F-CC02-49B2-8E99-E2BEAB6C8ED1}.Debug|Any CPU.Build.0 = Debug|Any CPU
		{99B6023F-CC02-49B2-8E99-E2BEAB6C8ED1}.Release|Any CPU.ActiveCfg = Release|Any CPU
		{99B6023F-CC02-49B2-8E99-E2BEAB6C8ED1}.Release|Any CPU.Build.0 = Release|Any CPU
	EndGlobalSection
	GlobalSection(SolutionProperties) = preSolution
		HideSolutionNode = FALSE
	EndGlobalSection
	GlobalSection(NestedProjects) = preSolution
		{7139B471-B99F-4880-AA61-9EDA7D5FA0C4} = {FF249D25-BB02-4DC4-BBD8-E2F43D465E4F}
		{07127338-930A-412B-AB1C-24704A759ABC} = {FF249D25-BB02-4DC4-BBD8-E2F43D465E4F}
		{AF9564B7-87E5-43F7-9DEA-C8287E0BE21F} = {47B6F950-12FC-4B8D-B8ED-48A19A6A6710}
		{151C51AC-C70C-4ECD-BB91-8939E3A5D4E3} = {47B6F950-12FC-4B8D-B8ED-48A19A6A6710}
	EndGlobalSection
	GlobalSection(TestCaseManagementSettings) = postSolution
		CategoryFile = SolverLib4.vsmdi
	EndGlobalSection
EndGlobal
