
Microsoft Visual Studio Solution File, Format Version 11.00
# Visual Studio 2010
Project("{2150E333-8FDC-42A3-9474-1A3956D46DE8}") = "Solution Items", "Solution Items", "{A76450AD-BBC4-4E9D-A17E-E5EEF271F9AF}"
	ProjectSection(SolutionItems) = preProject
		LocalTestRun.testrunconfig = LocalTestRun.testrunconfig
		SolverLib1.vsmdi = SolverLib1.vsmdi
		SolverLib2.vsmdi = SolverLib2.vsmdi
		SolverLib3.vsmdi = SolverLib3.vsmdi
		SolverLib37.vsmdi = SolverLib37.vsmdi
		SolverLib4.vsmdi = SolverLib4.vsmdi
	EndProjectSection
EndProject
Project("{2150E333-8FDC-42A3-9474-1A3956D46DE8}") = "_SolverLib", "_SolverLib", "{FF249D25-BB02-4DC4-BBD8-E2F43D465E4F}"
EndProject
Project("{2150E333-8FDC-42A3-9474-1A3956D46DE8}") = "_SudukoModules", "_SudukoModules", "{47B6F950-12FC-4B8D-B8ED-48A19A6A6710}"
EndProject
Project("{2150E333-8FDC-42A3-9474-1A3956D46DE8}") = "_CardLib", "_CardLib", "{51048BED-BBCA-4500-AB67-85D4AC6C21E1}"
EndProject
Project("{2150E333-8FDC-42A3-9474-1A3956D46DE8}") = "_BridgeModule", "_BridgeModule", "{EE890B48-1D42-4AF4-99FE-4EE77CBF0778}"
EndProject
Project("{2150E333-8FDC-42A3-9474-1A3956D46DE8}") = "_Evaluation", "_Evaluation", "{8F9FB71A-C8E1-4F10-9ADD-D56F3EDED474}"
EndProject
Project("{2150E333-8FDC-42A3-9474-1A3956D46DE8}") = "_BidAcol", "_BidAcol", "{3895966A-DA19-44D2-94F0-A0A46152B03C}"
EndProject
Project("{2150E333-8FDC-42A3-9474-1A3956D46DE8}") = "_BridgeCore", "_BridgeCore", "{1EA716E9-FFC2-4A20-971F-04CFDB60660B}"
EndProject
Project("{FAE04EC0-301F-11D3-BF4B-00C04F79EFBC}") = "SolverLib", "SolverLib\SolverLib.csproj", "{7139B471-B99F-4880-AA61-9EDA7D5FA0C4}"
EndProject
Project("{FAE04EC0-301F-11D3-BF4B-00C04F79EFBC}") = "TestSolverLib", "TestSolverLib\TestSolverLib.csproj", "{07127338-930A-412B-AB1C-24704A759ABC}"
EndProject
Project("{FAE04EC0-301F-11D3-BF4B-00C04F79EFBC}") = "SudukoModule", "SolverModules\SudukoModule.csproj", "{AF9564B7-87E5-43F7-9DEA-C8287E0BE21F}"
	ProjectSection(ProjectDependencies) = postProject
		{7139B471-B99F-4880-AA61-9EDA7D5FA0C4} = {7139B471-B99F-4880-AA61-9EDA7D5FA0C4}
	EndProjectSection
EndProject
Project("{FAE04EC0-301F-11D3-BF4B-00C04F79EFBC}") = "ModuleTests", "ModuleTests\ModuleTests.csproj", "{151C51AC-C70C-4ECD-BB91-8939E3A5D4E3}"
	ProjectSection(ProjectDependencies) = postProject
		{7139B471-B99F-4880-AA61-9EDA7D5FA0C4} = {7139B471-B99F-4880-AA61-9EDA7D5FA0C4}
	EndProjectSection
EndProject
Project("{FAE04EC0-301F-11D3-BF4B-00C04F79EFBC}") = "SudokuApp", "SudukoApp\SudokuApp.csproj", "{99B6023F-CC02-49B2-8E99-E2BEAB6C8ED1}"
	ProjectSection(ProjectDependencies) = postProject
		{7139B471-B99F-4880-AA61-9EDA7D5FA0C4} = {7139B471-B99F-4880-AA61-9EDA7D5FA0C4}
		{AF9564B7-87E5-43F7-9DEA-C8287E0BE21F} = {AF9564B7-87E5-43F7-9DEA-C8287E0BE21F}
	EndProjectSection
EndProject
Project("{FAE04EC0-301F-11D3-BF4B-00C04F79EFBC}") = "BridgeModule", "BridgeModule\BridgeModule.csproj", "{4427491F-FB87-46F0-87E4-65A041FA5F10}"
	ProjectSection(ProjectDependencies) = postProject
		{7139B471-B99F-4880-AA61-9EDA7D5FA0C4} = {7139B471-B99F-4880-AA61-9EDA7D5FA0C4}
		{3EA64DED-80D4-4EC2-9B48-8B71C922972F} = {3EA64DED-80D4-4EC2-9B48-8B71C922972F}
	EndProjectSection
EndProject
Project("{FAE04EC0-301F-11D3-BF4B-00C04F79EFBC}") = "CardLib", "Card\CardLib.csproj", "{3EA64DED-80D4-4EC2-9B48-8B71C922972F}"
	ProjectSection(ProjectDependencies) = postProject
		{7139B471-B99F-4880-AA61-9EDA7D5FA0C4} = {7139B471-B99F-4880-AA61-9EDA7D5FA0C4}
	EndProjectSection
EndProject
Project("{FAE04EC0-301F-11D3-BF4B-00C04F79EFBC}") = "BridgeModuleTests", "BridgeModuleTests\BridgeModuleTests.csproj", "{E3BCB6ED-0880-47D4-932D-11063DC329D2}"
	ProjectSection(ProjectDependencies) = postProject
		{7139B471-B99F-4880-AA61-9EDA7D5FA0C4} = {7139B471-B99F-4880-AA61-9EDA7D5FA0C4}
		{3EA64DED-80D4-4EC2-9B48-8B71C922972F} = {3EA64DED-80D4-4EC2-9B48-8B71C922972F}
	EndProjectSection
EndProject
Project("{FAE04EC0-301F-11D3-BF4B-00C04F79EFBC}") = "CardLibTests", "CardLibTests\CardLibTests.csproj", "{485F2A98-66BE-4054-92FC-65EBF02C4A46}"
	ProjectSection(ProjectDependencies) = postProject
		{7139B471-B99F-4880-AA61-9EDA7D5FA0C4} = {7139B471-B99F-4880-AA61-9EDA7D5FA0C4}
	EndProjectSection
EndProject
Project("{FAE04EC0-301F-11D3-BF4B-00C04F79EFBC}") = "Evaluation", "BidLib\Evaluation.csproj", "{95345D3C-A502-4BDA-9917-0AF0E305F653}"
EndProject
Project("{FAE04EC0-301F-11D3-BF4B-00C04F79EFBC}") = "BridgeCards", "BridgeCards\BridgeCards.csproj", "{CF40F29C-D05A-4247-A272-151B453F0D16}"
EndProject
Project("{FAE04EC0-301F-11D3-BF4B-00C04F79EFBC}") = "BidAcol", "BidAcol\BidAcol.csproj", "{C9B5001A-F229-455E-AF25-0AC09A8A6E54}"
EndProject
Project("{FAE04EC0-301F-11D3-BF4B-00C04F79EFBC}") = "BridgeCore", "BridgeCore\BridgeCore.csproj", "{277C8C46-6FD3-4ABA-86C0-931EF93BEE55}"
EndProject
Project("{FAE04EC0-301F-11D3-BF4B-00C04F79EFBC}") = "CoreTests", "BidsTest\CoreTests.csproj", "{706A423B-2DDA-4340-9298-0D53D0AE8809}"
EndProject
Project("{FAE04EC0-301F-11D3-BF4B-00C04F79EFBC}") = "EvaluationTests", "EvaluationTests\EvaluationTests.csproj", "{65AB82ED-86B7-4C54-8C14-FC076E2B92EF}"
EndProject
Project("{FAE04EC0-301F-11D3-BF4B-00C04F79EFBC}") = "BidAcolTests", "BidAcolTests\BidAcolTests.csproj", "{519442A6-3747-40B0-B1DC-745206E7D2EC}"
EndProject
Project("{FAE04EC0-301F-11D3-BF4B-00C04F79EFBC}") = "BridgeCardsTest", "BridgeCardsTest\BridgeCardsTest.csproj", "{94974A9F-9B70-4B85-903D-CC6FB38B3E21}"
EndProject
Global
	GlobalSection(TestCaseManagementSettings) = postSolution
		CategoryFile = SolverLib4.vsmdi
	EndGlobalSection
	GlobalSection(SolutionConfigurationPlatforms) = preSolution
		Debug|Any CPU = Debug|Any CPU
		Release|Any CPU = Release|Any CPU
	EndGlobalSection
	GlobalSection(ProjectConfigurationPlatforms) = postSolution
		{7139B471-B99F-4880-AA61-9EDA7D5FA0C4}.Debug|Any CPU.ActiveCfg = Debug|Any CPU
		{7139B471-B99F-4880-AA61-9EDA7D5FA0C4}.Debug|Any CPU.Build.0 = Debug|Any CPU
		{7139B471-B99F-4880-AA61-9EDA7D5FA0C4}.Release|Any CPU.ActiveCfg = Release|Any CPU
		{7139B471-B99F-4880-AA61-9EDA7D5FA0C4}.Release|Any CPU.Build.0 = Release|Any CPU
		{07127338-930A-412B-AB1C-24704A759ABC}.Debug|Any CPU.ActiveCfg = Debug|Any CPU
		{07127338-930A-412B-AB1C-24704A759ABC}.Debug|Any CPU.Build.0 = Debug|Any CPU
		{07127338-930A-412B-AB1C-24704A759ABC}.Release|Any CPU.ActiveCfg = Release|Any CPU
		{07127338-930A-412B-AB1C-24704A759ABC}.Release|Any CPU.Build.0 = Release|Any CPU
		{AF9564B7-87E5-43F7-9DEA-C8287E0BE21F}.Debug|Any CPU.ActiveCfg = Debug|Any CPU
		{AF9564B7-87E5-43F7-9DEA-C8287E0BE21F}.Debug|Any CPU.Build.0 = Debug|Any CPU
		{AF9564B7-87E5-43F7-9DEA-C8287E0BE21F}.Release|Any CPU.ActiveCfg = Release|Any CPU
		{AF9564B7-87E5-43F7-9DEA-C8287E0BE21F}.Release|Any CPU.Build.0 = Release|Any CPU
		{151C51AC-C70C-4ECD-BB91-8939E3A5D4E3}.Debug|Any CPU.ActiveCfg = Debug|Any CPU
		{151C51AC-C70C-4ECD-BB91-8939E3A5D4E3}.Debug|Any CPU.Build.0 = Debug|Any CPU
		{151C51AC-C70C-4ECD-BB91-8939E3A5D4E3}.Release|Any CPU.ActiveCfg = Release|Any CPU
		{151C51AC-C70C-4ECD-BB91-8939E3A5D4E3}.Release|Any CPU.Build.0 = Release|Any CPU
		{99B6023F-CC02-49B2-8E99-E2BEAB6C8ED1}.Debug|Any CPU.ActiveCfg = Debug|Any CPU
		{99B6023F-CC02-49B2-8E99-E2BEAB6C8ED1}.Debug|Any CPU.Build.0 = Debug|Any CPU
		{99B6023F-CC02-49B2-8E99-E2BEAB6C8ED1}.Release|Any CPU.ActiveCfg = Release|Any CPU
		{99B6023F-CC02-49B2-8E99-E2BEAB6C8ED1}.Release|Any CPU.Build.0 = Release|Any CPU
		{4427491F-FB87-46F0-87E4-65A041FA5F10}.Debug|Any CPU.ActiveCfg = Debug|Any CPU
		{4427491F-FB87-46F0-87E4-65A041FA5F10}.Debug|Any CPU.Build.0 = Debug|Any CPU
		{4427491F-FB87-46F0-87E4-65A041FA5F10}.Release|Any CPU.ActiveCfg = Release|Any CPU
		{4427491F-FB87-46F0-87E4-65A041FA5F10}.Release|Any CPU.Build.0 = Release|Any CPU
		{3EA64DED-80D4-4EC2-9B48-8B71C922972F}.Debug|Any CPU.ActiveCfg = Debug|Any CPU
		{3EA64DED-80D4-4EC2-9B48-8B71C922972F}.Debug|Any CPU.Build.0 = Debug|Any CPU
		{3EA64DED-80D4-4EC2-9B48-8B71C922972F}.Release|Any CPU.ActiveCfg = Release|Any CPU
		{3EA64DED-80D4-4EC2-9B48-8B71C922972F}.Release|Any CPU.Build.0 = Release|Any CPU
		{E3BCB6ED-0880-47D4-932D-11063DC329D2}.Debug|Any CPU.ActiveCfg = Debug|Any CPU
		{E3BCB6ED-0880-47D4-932D-11063DC329D2}.Debug|Any CPU.Build.0 = Debug|Any CPU
		{E3BCB6ED-0880-47D4-932D-11063DC329D2}.Release|Any CPU.ActiveCfg = Release|Any CPU
		{E3BCB6ED-0880-47D4-932D-11063DC329D2}.Release|Any CPU.Build.0 = Release|Any CPU
		{485F2A98-66BE-4054-92FC-65EBF02C4A46}.Debug|Any CPU.ActiveCfg = Debug|Any CPU
		{485F2A98-66BE-4054-92FC-65EBF02C4A46}.Debug|Any CPU.Build.0 = Debug|Any CPU
		{485F2A98-66BE-4054-92FC-65EBF02C4A46}.Release|Any CPU.ActiveCfg = Release|Any CPU
		{485F2A98-66BE-4054-92FC-65EBF02C4A46}.Release|Any CPU.Build.0 = Release|Any CPU
		{95345D3C-A502-4BDA-9917-0AF0E305F653}.Debug|Any CPU.ActiveCfg = Debug|Any CPU
		{95345D3C-A502-4BDA-9917-0AF0E305F653}.Debug|Any CPU.Build.0 = Debug|Any CPU
		{95345D3C-A502-4BDA-9917-0AF0E305F653}.Release|Any CPU.ActiveCfg = Release|Any CPU
		{95345D3C-A502-4BDA-9917-0AF0E305F653}.Release|Any CPU.Build.0 = Release|Any CPU
		{CF40F29C-D05A-4247-A272-151B453F0D16}.Debug|Any CPU.ActiveCfg = Debug|Any CPU
		{CF40F29C-D05A-4247-A272-151B453F0D16}.Debug|Any CPU.Build.0 = Debug|Any CPU
		{CF40F29C-D05A-4247-A272-151B453F0D16}.Release|Any CPU.ActiveCfg = Release|Any CPU
		{CF40F29C-D05A-4247-A272-151B453F0D16}.Release|Any CPU.Build.0 = Release|Any CPU
		{C9B5001A-F229-455E-AF25-0AC09A8A6E54}.Debug|Any CPU.ActiveCfg = Debug|Any CPU
		{C9B5001A-F229-455E-AF25-0AC09A8A6E54}.Debug|Any CPU.Build.0 = Debug|Any CPU
		{C9B5001A-F229-455E-AF25-0AC09A8A6E54}.Release|Any CPU.ActiveCfg = Release|Any CPU
		{C9B5001A-F229-455E-AF25-0AC09A8A6E54}.Release|Any CPU.Build.0 = Release|Any CPU
		{277C8C46-6FD3-4ABA-86C0-931EF93BEE55}.Debug|Any CPU.ActiveCfg = Debug|Any CPU
		{277C8C46-6FD3-4ABA-86C0-931EF93BEE55}.Debug|Any CPU.Build.0 = Debug|Any CPU
		{277C8C46-6FD3-4ABA-86C0-931EF93BEE55}.Release|Any CPU.ActiveCfg = Release|Any CPU
		{277C8C46-6FD3-4ABA-86C0-931EF93BEE55}.Release|Any CPU.Build.0 = Release|Any CPU
		{706A423B-2DDA-4340-9298-0D53D0AE8809}.Debug|Any CPU.ActiveCfg = Debug|Any CPU
		{706A423B-2DDA-4340-9298-0D53D0AE8809}.Debug|Any CPU.Build.0 = Debug|Any CPU
		{706A423B-2DDA-4340-9298-0D53D0AE8809}.Release|Any CPU.ActiveCfg = Release|Any CPU
		{706A423B-2DDA-4340-9298-0D53D0AE8809}.Release|Any CPU.Build.0 = Release|Any CPU
		{65AB82ED-86B7-4C54-8C14-FC076E2B92EF}.Debug|Any CPU.ActiveCfg = Debug|Any CPU
		{65AB82ED-86B7-4C54-8C14-FC076E2B92EF}.Debug|Any CPU.Build.0 = Debug|Any CPU
		{65AB82ED-86B7-4C54-8C14-FC076E2B92EF}.Release|Any CPU.ActiveCfg = Release|Any CPU
		{65AB82ED-86B7-4C54-8C14-FC076E2B92EF}.Release|Any CPU.Build.0 = Release|Any CPU
		{519442A6-3747-40B0-B1DC-745206E7D2EC}.Debug|Any CPU.ActiveCfg = Debug|Any CPU
		{519442A6-3747-40B0-B1DC-745206E7D2EC}.Debug|Any CPU.Build.0 = Debug|Any CPU
		{519442A6-3747-40B0-B1DC-745206E7D2EC}.Release|Any CPU.ActiveCfg = Release|Any CPU
		{519442A6-3747-40B0-B1DC-745206E7D2EC}.Release|Any CPU.Build.0 = Release|Any CPU
		{94974A9F-9B70-4B85-903D-CC6FB38B3E21}.Debug|Any CPU.ActiveCfg = Debug|Any CPU
		{94974A9F-9B70-4B85-903D-CC6FB38B3E21}.Debug|Any CPU.Build.0 = Debug|Any CPU
		{94974A9F-9B70-4B85-903D-CC6FB38B3E21}.Release|Any CPU.ActiveCfg = Release|Any CPU
		{94974A9F-9B70-4B85-903D-CC6FB38B3E21}.Release|Any CPU.Build.0 = Release|Any CPU
	EndGlobalSection
	GlobalSection(SolutionProperties) = preSolution
		HideSolutionNode = FALSE
	EndGlobalSection
	GlobalSection(NestedProjects) = preSolution
		{7139B471-B99F-4880-AA61-9EDA7D5FA0C4} = {FF249D25-BB02-4DC4-BBD8-E2F43D465E4F}
		{07127338-930A-412B-AB1C-24704A759ABC} = {FF249D25-BB02-4DC4-BBD8-E2F43D465E4F}
		{AF9564B7-87E5-43F7-9DEA-C8287E0BE21F} = {47B6F950-12FC-4B8D-B8ED-48A19A6A6710}
		{151C51AC-C70C-4ECD-BB91-8939E3A5D4E3} = {47B6F950-12FC-4B8D-B8ED-48A19A6A6710}
		{3EA64DED-80D4-4EC2-9B48-8B71C922972F} = {51048BED-BBCA-4500-AB67-85D4AC6C21E1}
		{485F2A98-66BE-4054-92FC-65EBF02C4A46} = {51048BED-BBCA-4500-AB67-85D4AC6C21E1}
		{CF40F29C-D05A-4247-A272-151B453F0D16} = {51048BED-BBCA-4500-AB67-85D4AC6C21E1}
		{94974A9F-9B70-4B85-903D-CC6FB38B3E21} = {51048BED-BBCA-4500-AB67-85D4AC6C21E1}
		{4427491F-FB87-46F0-87E4-65A041FA5F10} = {EE890B48-1D42-4AF4-99FE-4EE77CBF0778}
		{E3BCB6ED-0880-47D4-932D-11063DC329D2} = {EE890B48-1D42-4AF4-99FE-4EE77CBF0778}
		{95345D3C-A502-4BDA-9917-0AF0E305F653} = {8F9FB71A-C8E1-4F10-9ADD-D56F3EDED474}
		{65AB82ED-86B7-4C54-8C14-FC076E2B92EF} = {8F9FB71A-C8E1-4F10-9ADD-D56F3EDED474}
		{C9B5001A-F229-455E-AF25-0AC09A8A6E54} = {3895966A-DA19-44D2-94F0-A0A46152B03C}
		{519442A6-3747-40B0-B1DC-745206E7D2EC} = {3895966A-DA19-44D2-94F0-A0A46152B03C}
		{277C8C46-6FD3-4ABA-86C0-931EF93BEE55} = {1EA716E9-FFC2-4A20-971F-04CFDB60660B}
		{706A423B-2DDA-4340-9298-0D53D0AE8809} = {1EA716E9-FFC2-4A20-971F-04CFDB60660B}
	EndGlobalSection
EndGlobal
